
Microsoft Visual Studio Solution File, Format Version 12.00
# Visual Studio 2012
Project("{FAE04EC0-301F-11D3-BF4B-00C04F79EFBC}") = "Website", "Website\Website.csproj", "{7CF7A0BB-E4E3-4688-AA4C-25BAE888F686}"
EndProject
Project("{CAA73BB0-EF22-4D79-A57E-DF67B3BA9C80}") = "TDS-Master", "TDS-Master\TDS-Master.scproj", "{02049CFD-8C1E-4AE0-8DBA-9C42B0DDA21E}"
EndProject
Global
	GlobalSection(SolutionConfigurationPlatforms) = preSolution
		Debug|Any CPU = Debug|Any CPU
		Release|Any CPU = Release|Any CPU
	EndGlobalSection
	GlobalSection(ProjectConfigurationPlatforms) = postSolution
		{7CF7A0BB-E4E3-4688-AA4C-25BAE888F686}.Debug|Any CPU.ActiveCfg = Debug|Any CPU
		{7CF7A0BB-E4E3-4688-AA4C-25BAE888F686}.Debug|Any CPU.Build.0 = Debug|Any CPU
		{7CF7A0BB-E4E3-4688-AA4C-25BAE888F686}.Release|Any CPU.ActiveCfg = Release|Any CPU
		{7CF7A0BB-E4E3-4688-AA4C-25BAE888F686}.Release|Any CPU.Build.0 = Release|Any CPU
		{02049CFD-8C1E-4AE0-8DBA-9C42B0DDA21E}.Debug|Any CPU.ActiveCfg = Debug|Any CPU
		{02049CFD-8C1E-4AE0-8DBA-9C42B0DDA21E}.Debug|Any CPU.Build.0 = Debug|Any CPU
		{02049CFD-8C1E-4AE0-8DBA-9C42B0DDA21E}.Debug|Any CPU.Deploy.0 = Debug|Any CPU
		{02049CFD-8C1E-4AE0-8DBA-9C42B0DDA21E}.Release|Any CPU.ActiveCfg = Release|Any CPU
		{02049CFD-8C1E-4AE0-8DBA-9C42B0DDA21E}.Release|Any CPU.Build.0 = Release|Any CPU
		{02049CFD-8C1E-4AE0-8DBA-9C42B0DDA21E}.Release|Any CPU.Deploy.0 = Release|Any CPU
	EndGlobalSection
	GlobalSection(SolutionProperties) = preSolution
		HideSolutionNode = FALSE
	EndGlobalSection
EndGlobal
